
Microsoft Visual Studio Solution File, Format Version 12.00
# Visual Studio Version 17
VisualStudioVersion = 17.3.32825.248
MinimumVisualStudioVersion = 10.0.40219.1
Project("{FAE04EC0-301F-11D3-BF4B-00C04F79EFBC}") = "QuanLyNhaHang", "QuanLyNhaHang\QuanLyNhaHang.csproj", "{E44B9A41-E676-47CF-A7F4-DDBD76361971}"
EndProject
Global
	GlobalSection(SolutionConfigurationPlatforms) = preSolution
		Debug|Any CPU = Debug|Any CPU
		Release|Any CPU = Release|Any CPU
	EndGlobalSection
	GlobalSection(ProjectConfigurationPlatforms) = postSolution
		{E44B9A41-E676-47CF-A7F4-DDBD76361971}.Debug|Any CPU.ActiveCfg = Debug|Any CPU
		{E44B9A41-E676-47CF-A7F4-DDBD76361971}.Debug|Any CPU.Build.0 = Debug|Any CPU
		{E44B9A41-E676-47CF-A7F4-DDBD76361971}.Release|Any CPU.ActiveCfg = Release|Any CPU
		{E44B9A41-E676-47CF-A7F4-DDBD76361971}.Release|Any CPU.Build.0 = Release|Any CPU
	EndGlobalSection
	GlobalSection(SolutionProperties) = preSolution
		HideSolutionNode = FALSE
	EndGlobalSection
	GlobalSection(ExtensibilityGlobals) = postSolution
		SolutionGuid = {7543956E-186F-4E0B-9E3C-BD9847E6F5B9}
	EndGlobalSection
EndGlobal
